
Microsoft Visual Studio Solution File, Format Version 12.00
# Visual Studio Version 17
VisualStudioVersion = 17.7.34009.444
MinimumVisualStudioVersion = 10.0.40219.1
Project("{FAE04EC0-301F-11D3-BF4B-00C04F79EFBC}") = "Console Tic-Tac-Toe", "Console Tic-Tac-Toe\Console Tic-Tac-Toe.csproj", "{F52FB051-EB17-4B8C-AB6D-62EAB49521E8}"
EndProject
Global
	GlobalSection(SolutionConfigurationPlatforms) = preSolution
		Debug|Any CPU = Debug|Any CPU
		Release|Any CPU = Release|Any CPU
	EndGlobalSection
	GlobalSection(ProjectConfigurationPlatforms) = postSolution
		{F52FB051-EB17-4B8C-AB6D-62EAB49521E8}.Debug|Any CPU.ActiveCfg = Debug|Any CPU
		{F52FB051-EB17-4B8C-AB6D-62EAB49521E8}.Debug|Any CPU.Build.0 = Debug|Any CPU
		{F52FB051-EB17-4B8C-AB6D-62EAB49521E8}.Release|Any CPU.ActiveCfg = Release|Any CPU
		{F52FB051-EB17-4B8C-AB6D-62EAB49521E8}.Release|Any CPU.Build.0 = Release|Any CPU
	EndGlobalSection
	GlobalSection(SolutionProperties) = preSolution
		HideSolutionNode = FALSE
	EndGlobalSection
	GlobalSection(ExtensibilityGlobals) = postSolution
		SolutionGuid = {87B4A66C-649E-4BBA-82E1-487992551D6B}
	EndGlobalSection
EndGlobal
